
Microsoft Visual Studio Solution File, Format Version 12.00
# Visual Studio Version 16
VisualStudioVersion = 16.0.31129.286
MinimumVisualStudioVersion = 10.0.40219.1
Project("{FAE04EC0-301F-11D3-BF4B-00C04F79EFBC}") = "TaskTrackerView", "TaskTrackerView\TaskTrackerView.csproj", "{8B3035E7-39DA-44C3-AAA1-B84D915C377E}"
EndProject
Project("{FAE04EC0-301F-11D3-BF4B-00C04F79EFBC}") = "TaskTrackerDatabase", "TaskTrackerDatabase\TaskTrackerDatabase.csproj", "{041A6FB3-8B39-4199-A5A6-7A40864F1726}"
EndProject
Project("{FAE04EC0-301F-11D3-BF4B-00C04F79EFBC}") = "TaskTrackerBusinessLogic", "TaskTrackerBusinessLogic\TaskTrackerBusinessLogic.csproj", "{F1A6F100-41B3-4929-B041-8B299A08E5EA}"
EndProject
Global
	GlobalSection(SolutionConfigurationPlatforms) = preSolution
		Debug|Any CPU = Debug|Any CPU
		Release|Any CPU = Release|Any CPU
	EndGlobalSection
	GlobalSection(ProjectConfigurationPlatforms) = postSolution
		{8B3035E7-39DA-44C3-AAA1-B84D915C377E}.Debug|Any CPU.ActiveCfg = Debug|Any CPU
		{8B3035E7-39DA-44C3-AAA1-B84D915C377E}.Debug|Any CPU.Build.0 = Debug|Any CPU
		{8B3035E7-39DA-44C3-AAA1-B84D915C377E}.Release|Any CPU.ActiveCfg = Release|Any CPU
		{8B3035E7-39DA-44C3-AAA1-B84D915C377E}.Release|Any CPU.Build.0 = Release|Any CPU
		{041A6FB3-8B39-4199-A5A6-7A40864F1726}.Debug|Any CPU.ActiveCfg = Debug|Any CPU
		{041A6FB3-8B39-4199-A5A6-7A40864F1726}.Debug|Any CPU.Build.0 = Debug|Any CPU
		{041A6FB3-8B39-4199-A5A6-7A40864F1726}.Release|Any CPU.ActiveCfg = Release|Any CPU
		{041A6FB3-8B39-4199-A5A6-7A40864F1726}.Release|Any CPU.Build.0 = Release|Any CPU
		{F1A6F100-41B3-4929-B041-8B299A08E5EA}.Debug|Any CPU.ActiveCfg = Debug|Any CPU
		{F1A6F100-41B3-4929-B041-8B299A08E5EA}.Debug|Any CPU.Build.0 = Debug|Any CPU
		{F1A6F100-41B3-4929-B041-8B299A08E5EA}.Release|Any CPU.ActiveCfg = Release|Any CPU
		{F1A6F100-41B3-4929-B041-8B299A08E5EA}.Release|Any CPU.Build.0 = Release|Any CPU
	EndGlobalSection
	GlobalSection(SolutionProperties) = preSolution
		HideSolutionNode = FALSE
	EndGlobalSection
	GlobalSection(ExtensibilityGlobals) = postSolution
		SolutionGuid = {BFA07804-F2C5-4459-82CF-46E68C764358}
	EndGlobalSection
EndGlobal
